
Microsoft Visual Studio Solution File, Format Version 12.00
# Visual Studio Version 17
VisualStudioVersion = 17.10.35027.167
MinimumVisualStudioVersion = 10.0.40219.1
Project("{9A19103F-16F7-4668-BE54-9A1E7A4F7556}") = "OnlineStore.Web", "OnlineStore.Web\OnlineStore.Web.csproj", "{217A09B0-DCDA-45A2-AE26-E38C5FC54919}"
EndProject
Project("{9A19103F-16F7-4668-BE54-9A1E7A4F7556}") = "OnlineStore.Api", "OnlineStore.Api\OnlineStore.Api.csproj", "{A36095F6-EA73-47D7-BE4C-36A55AE2A78A}"
EndProject
Project("{9A19103F-16F7-4668-BE54-9A1E7A4F7556}") = "OnlineStore.UnitTests", "OnlineStore.UnitTests\OnlineStore.UnitTests.csproj", "{8C859E7D-832F-42A4-A0F2-25F8F93E1675}"
EndProject
Project("{9A19103F-16F7-4668-BE54-9A1E7A4F7556}") = "OnlineStore.Domain", "OnlineStore.Domain\OnlineStore.Domain.csproj", "{C8382F0E-D219-423C-88DA-4C4DD95CB474}"
EndProject
Project("{9A19103F-16F7-4668-BE54-9A1E7A4F7556}") = "OnlineStore.Application", "OnlineStore.Application\OnlineStore.Application.csproj", "{4AB1512C-35E6-47BF-9D50-66891CE387BC}"
EndProject
Project("{9A19103F-16F7-4668-BE54-9A1E7A4F7556}") = "OnlineStore.Infrastructure", "OnlineStore.Infrastructure\OnlineStore.Infrastructure.csproj", "{9505F0D1-5FFA-43E6-823C-992CC70D3039}"
EndProject
Project("{2150E333-8FDC-42A3-9474-1A3956D46DE8}") = "Элементы решения", "Элементы решения", "{1696E392-7771-441C-B20F-D287A01917A1}"
	ProjectSection(SolutionItems) = preProject
		README.md = README.md
	EndProjectSection
EndProject
Global
	GlobalSection(SolutionConfigurationPlatforms) = preSolution
		Debug|Any CPU = Debug|Any CPU
		Release|Any CPU = Release|Any CPU
	EndGlobalSection
	GlobalSection(ProjectConfigurationPlatforms) = postSolution
		{217A09B0-DCDA-45A2-AE26-E38C5FC54919}.Debug|Any CPU.ActiveCfg = Debug|Any CPU
		{217A09B0-DCDA-45A2-AE26-E38C5FC54919}.Debug|Any CPU.Build.0 = Debug|Any CPU
		{217A09B0-DCDA-45A2-AE26-E38C5FC54919}.Release|Any CPU.ActiveCfg = Release|Any CPU
		{217A09B0-DCDA-45A2-AE26-E38C5FC54919}.Release|Any CPU.Build.0 = Release|Any CPU
		{A36095F6-EA73-47D7-BE4C-36A55AE2A78A}.Debug|Any CPU.ActiveCfg = Debug|Any CPU
		{A36095F6-EA73-47D7-BE4C-36A55AE2A78A}.Debug|Any CPU.Build.0 = Debug|Any CPU
		{A36095F6-EA73-47D7-BE4C-36A55AE2A78A}.Release|Any CPU.ActiveCfg = Release|Any CPU
		{A36095F6-EA73-47D7-BE4C-36A55AE2A78A}.Release|Any CPU.Build.0 = Release|Any CPU
		{8C859E7D-832F-42A4-A0F2-25F8F93E1675}.Debug|Any CPU.ActiveCfg = Debug|Any CPU
		{8C859E7D-832F-42A4-A0F2-25F8F93E1675}.Debug|Any CPU.Build.0 = Debug|Any CPU
		{8C859E7D-832F-42A4-A0F2-25F8F93E1675}.Release|Any CPU.ActiveCfg = Release|Any CPU
		{8C859E7D-832F-42A4-A0F2-25F8F93E1675}.Release|Any CPU.Build.0 = Release|Any CPU
		{C8382F0E-D219-423C-88DA-4C4DD95CB474}.Debug|Any CPU.ActiveCfg = Debug|Any CPU
		{C8382F0E-D219-423C-88DA-4C4DD95CB474}.Debug|Any CPU.Build.0 = Debug|Any CPU
		{C8382F0E-D219-423C-88DA-4C4DD95CB474}.Release|Any CPU.ActiveCfg = Release|Any CPU
		{C8382F0E-D219-423C-88DA-4C4DD95CB474}.Release|Any CPU.Build.0 = Release|Any CPU
		{4AB1512C-35E6-47BF-9D50-66891CE387BC}.Debug|Any CPU.ActiveCfg = Debug|Any CPU
		{4AB1512C-35E6-47BF-9D50-66891CE387BC}.Debug|Any CPU.Build.0 = Debug|Any CPU
		{4AB1512C-35E6-47BF-9D50-66891CE387BC}.Release|Any CPU.ActiveCfg = Release|Any CPU
		{4AB1512C-35E6-47BF-9D50-66891CE387BC}.Release|Any CPU.Build.0 = Release|Any CPU
		{9505F0D1-5FFA-43E6-823C-992CC70D3039}.Debug|Any CPU.ActiveCfg = Debug|Any CPU
		{9505F0D1-5FFA-43E6-823C-992CC70D3039}.Debug|Any CPU.Build.0 = Debug|Any CPU
		{9505F0D1-5FFA-43E6-823C-992CC70D3039}.Release|Any CPU.ActiveCfg = Release|Any CPU
		{9505F0D1-5FFA-43E6-823C-992CC70D3039}.Release|Any CPU.Build.0 = Release|Any CPU
	EndGlobalSection
	GlobalSection(SolutionProperties) = preSolution
		HideSolutionNode = FALSE
	EndGlobalSection
	GlobalSection(ExtensibilityGlobals) = postSolution
		SolutionGuid = {73F3A80E-9F1B-402A-A382-9203AC149325}
	EndGlobalSection
EndGlobal
